
Microsoft Visual Studio Solution File, Format Version 12.00
# Visual Studio Version 17
VisualStudioVersion = 17.14.36511.14
MinimumVisualStudioVersion = 10.0.40219.1
Project("{FAE04EC0-301F-11D3-BF4B-00C04F79EFBC}") = "WaveSync", "WaveSync.csproj", "{FEE99C6B-5887-45D7-B35D-B91ADD7A000E}"
EndProject
Global
	GlobalSection(SolutionConfigurationPlatforms) = preSolution
		Debug|Any CPU = Debug|Any CPU
		Release|Any CPU = Release|Any CPU
	EndGlobalSection
	GlobalSection(ProjectConfigurationPlatforms) = postSolution
		{FEE99C6B-5887-45D7-B35D-B91ADD7A000E}.Debug|Any CPU.ActiveCfg = Debug|Any CPU
		{FEE99C6B-5887-45D7-B35D-B91ADD7A000E}.Debug|Any CPU.Build.0 = Debug|Any CPU
		{FEE99C6B-5887-45D7-B35D-B91ADD7A000E}.Release|Any CPU.ActiveCfg = Release|Any CPU
		{FEE99C6B-5887-45D7-B35D-B91ADD7A000E}.Release|Any CPU.Build.0 = Release|Any CPU
	EndGlobalSection
	GlobalSection(SolutionProperties) = preSolution
		HideSolutionNode = FALSE
	EndGlobalSection
	GlobalSection(ExtensibilityGlobals) = postSolution
		SolutionGuid = {5695B44E-C14E-4FCE-B7A4-6423F3CFFB55}
	EndGlobalSection
EndGlobal
